
Microsoft Visual Studio Solution File, Format Version 11.00
# Visual Studio 2010
Project("{2150E333-8FDC-42A3-9474-1A3956D46DE8}") = "Solution Items", "Solution Items", "{BB8B16C7-4591-4250-A8CB-EBB66086D05C}"
	ProjectSection(SolutionItems) = preProject
		Installer\datcoor.nsi = Installer\datcoor.nsi
		Installer\readme.htm = Installer\readme.htm
	EndProjectSection
EndProject
Project("{FAE04EC0-301F-11D3-BF4B-00C04F79EFBC}") = "Alunorf-sinec-h1-plugin", "Alunorf-sinec-h1-plugin\Alunorf-sinec-h1-plugin.csproj", "{64BC4718-3E53-4184-8B5E-0927382EF8C1}"
EndProject
Project("{8BC9CEB8-8B4A-11D0-8D11-00A0C91BC942}") = "H1Protocol", "H1Protocol\H1Protocol.vcxproj", "{A1B35688-5CD7-4931-9258-A4939CAA749A}"
EndProject
Project("{FAE04EC0-301F-11D3-BF4B-00C04F79EFBC}") = "Alunorf-plugin-test", "Alunorf-plugin-test\Alunorf-plugin-test.csproj", "{81FB0FBD-A945-4EEF-A137-EB707ECC469E}"
EndProject
Project("{8BC9CEB8-8B4A-11D0-8D11-00A0C91BC942}") = "DatCoUtil", "DatCoUtil\DatCoUtil.vcxproj", "{3F16623A-6C9F-4D79-8A6B-351A39BF91A9}"
EndProject
Project("{FAE04EC0-301F-11D3-BF4B-00C04F79EFBC}") = "DatCoordinatorPlugins", "DatCoordinatorPlugins\DatCoordinatorPlugins.csproj", "{4B217D62-C82B-4DE3-A4B0-AF359E4FB562}"
EndProject
Project("{FAE04EC0-301F-11D3-BF4B-00C04F79EFBC}") = "DebugServiceApplication", "DebugServiceApplication\DebugServiceApplication.csproj", "{64CB841B-A928-4A4B-BC0F-1F2DF461B6B2}"
EndProject
Project("{FAE04EC0-301F-11D3-BF4B-00C04F79EFBC}") = "ibaDatCoordinator", "ibaDatCoordinator\ibaDatCoordinator.csproj", "{03EFD2FC-187D-42A5-B3A7-38232B4FF060}"
EndProject
Project("{FAE04EC0-301F-11D3-BF4B-00C04F79EFBC}") = "ibaDatCoordinatorService", "ibaDatCoordinatorService\ibaDatCoordinatorService.csproj", "{8B2378DF-7A1D-4D46-B4C0-EE8CFEB94DA2}"
EndProject
Project("{8BC9CEB8-8B4A-11D0-8D11-00A0C91BC942}") = "RohWriter", "RohWriter\RohWriter.vcxproj", "{56BBE7A6-6D3C-4145-A4E7-84D18806C48C}"
EndProject
Project("{FAE04EC0-301F-11D3-BF4B-00C04F79EFBC}") = "RohPlugin", "RohPlugin\RohPlugin.csproj", "{FE90F614-BA97-4B9B-83E2-280FA2480B81}"
EndProject
Project("{FAE04EC0-301F-11D3-BF4B-00C04F79EFBC}") = "TKS-XML-Plugin", "TKS-XML-plugin\TKS-XML-Plugin.csproj", "{4777ACA3-B0C2-484E-BEE1-C2BEDF57E824}"
EndProject
Global
	GlobalSection(SolutionConfigurationPlatforms) = preSolution
		Debug|Any CPU = Debug|Any CPU
		Debug|Mixed Platforms = Debug|Mixed Platforms
		Debug|Win32 = Debug|Win32
		Debug|x86 = Debug|x86
		Release|Any CPU = Release|Any CPU
		Release|Mixed Platforms = Release|Mixed Platforms
		Release|Win32 = Release|Win32
		Release|x86 = Release|x86
	EndGlobalSection
	GlobalSection(ProjectConfigurationPlatforms) = postSolution
		{64BC4718-3E53-4184-8B5E-0927382EF8C1}.Debug|Any CPU.ActiveCfg = Debug|Any CPU
		{64BC4718-3E53-4184-8B5E-0927382EF8C1}.Debug|Any CPU.Build.0 = Debug|Any CPU
		{64BC4718-3E53-4184-8B5E-0927382EF8C1}.Debug|Mixed Platforms.ActiveCfg = Debug|Any CPU
		{64BC4718-3E53-4184-8B5E-0927382EF8C1}.Debug|Win32.ActiveCfg = Debug|Any CPU
		{64BC4718-3E53-4184-8B5E-0927382EF8C1}.Debug|x86.ActiveCfg = Debug|Any CPU
		{64BC4718-3E53-4184-8B5E-0927382EF8C1}.Release|Any CPU.ActiveCfg = Release|Any CPU
		{64BC4718-3E53-4184-8B5E-0927382EF8C1}.Release|Any CPU.Build.0 = Release|Any CPU
		{64BC4718-3E53-4184-8B5E-0927382EF8C1}.Release|Mixed Platforms.ActiveCfg = Release|Any CPU
		{64BC4718-3E53-4184-8B5E-0927382EF8C1}.Release|Mixed Platforms.Build.0 = Release|Any CPU
		{64BC4718-3E53-4184-8B5E-0927382EF8C1}.Release|Win32.ActiveCfg = Release|Any CPU
		{64BC4718-3E53-4184-8B5E-0927382EF8C1}.Release|x86.ActiveCfg = Release|Any CPU
		{A1B35688-5CD7-4931-9258-A4939CAA749A}.Debug|Any CPU.ActiveCfg = Debug|Win32
		{A1B35688-5CD7-4931-9258-A4939CAA749A}.Debug|Mixed Platforms.ActiveCfg = Debug|Win32
		{A1B35688-5CD7-4931-9258-A4939CAA749A}.Debug|Win32.ActiveCfg = Debug|Win32
		{A1B35688-5CD7-4931-9258-A4939CAA749A}.Debug|x86.ActiveCfg = Debug|Win32
		{A1B35688-5CD7-4931-9258-A4939CAA749A}.Release|Any CPU.ActiveCfg = Release|Win32
		{A1B35688-5CD7-4931-9258-A4939CAA749A}.Release|Mixed Platforms.ActiveCfg = Release|Win32
		{A1B35688-5CD7-4931-9258-A4939CAA749A}.Release|Mixed Platforms.Build.0 = Release|Win32
		{A1B35688-5CD7-4931-9258-A4939CAA749A}.Release|Win32.ActiveCfg = Release|Win32
		{A1B35688-5CD7-4931-9258-A4939CAA749A}.Release|x86.ActiveCfg = Release|Win32
		{81FB0FBD-A945-4EEF-A137-EB707ECC469E}.Debug|Any CPU.ActiveCfg = Debug|Any CPU
		{81FB0FBD-A945-4EEF-A137-EB707ECC469E}.Debug|Any CPU.Build.0 = Debug|Any CPU
		{81FB0FBD-A945-4EEF-A137-EB707ECC469E}.Debug|Mixed Platforms.ActiveCfg = Debug|Any CPU
		{81FB0FBD-A945-4EEF-A137-EB707ECC469E}.Debug|Mixed Platforms.Build.0 = Debug|Any CPU
		{81FB0FBD-A945-4EEF-A137-EB707ECC469E}.Debug|Win32.ActiveCfg = Debug|Any CPU
		{81FB0FBD-A945-4EEF-A137-EB707ECC469E}.Debug|x86.ActiveCfg = Debug|Any CPU
		{81FB0FBD-A945-4EEF-A137-EB707ECC469E}.Release|Any CPU.ActiveCfg = Release|Any CPU
		{81FB0FBD-A945-4EEF-A137-EB707ECC469E}.Release|Any CPU.Build.0 = Release|Any CPU
		{81FB0FBD-A945-4EEF-A137-EB707ECC469E}.Release|Mixed Platforms.ActiveCfg = Release|Any CPU
		{81FB0FBD-A945-4EEF-A137-EB707ECC469E}.Release|Mixed Platforms.Build.0 = Release|Any CPU
		{81FB0FBD-A945-4EEF-A137-EB707ECC469E}.Release|Win32.ActiveCfg = Release|Any CPU
		{81FB0FBD-A945-4EEF-A137-EB707ECC469E}.Release|x86.ActiveCfg = Release|Any CPU
		{3F16623A-6C9F-4D79-8A6B-351A39BF91A9}.Debug|Any CPU.ActiveCfg = Debug|Win32
		{3F16623A-6C9F-4D79-8A6B-351A39BF91A9}.Debug|Mixed Platforms.ActiveCfg = Debug|Win32
		{3F16623A-6C9F-4D79-8A6B-351A39BF91A9}.Debug|Mixed Platforms.Build.0 = Debug|Win32
		{3F16623A-6C9F-4D79-8A6B-351A39BF91A9}.Debug|Win32.ActiveCfg = Debug|Win32
		{3F16623A-6C9F-4D79-8A6B-351A39BF91A9}.Debug|Win32.Build.0 = Debug|Win32
		{3F16623A-6C9F-4D79-8A6B-351A39BF91A9}.Debug|x86.ActiveCfg = Debug|Win32
		{3F16623A-6C9F-4D79-8A6B-351A39BF91A9}.Release|Any CPU.ActiveCfg = Release|Win32
		{3F16623A-6C9F-4D79-8A6B-351A39BF91A9}.Release|Mixed Platforms.ActiveCfg = Release|Win32
		{3F16623A-6C9F-4D79-8A6B-351A39BF91A9}.Release|Mixed Platforms.Build.0 = Release|Win32
		{3F16623A-6C9F-4D79-8A6B-351A39BF91A9}.Release|Win32.ActiveCfg = Release|Win32
		{3F16623A-6C9F-4D79-8A6B-351A39BF91A9}.Release|Win32.Build.0 = Release|Win32
		{3F16623A-6C9F-4D79-8A6B-351A39BF91A9}.Release|x86.ActiveCfg = Release|Win32
		{4B217D62-C82B-4DE3-A4B0-AF359E4FB562}.Debug|Any CPU.ActiveCfg = Debug|Any CPU
		{4B217D62-C82B-4DE3-A4B0-AF359E4FB562}.Debug|Any CPU.Build.0 = Debug|Any CPU
		{4B217D62-C82B-4DE3-A4B0-AF359E4FB562}.Debug|Mixed Platforms.ActiveCfg = Debug|Any CPU
		{4B217D62-C82B-4DE3-A4B0-AF359E4FB562}.Debug|Mixed Platforms.Build.0 = Debug|Any CPU
		{4B217D62-C82B-4DE3-A4B0-AF359E4FB562}.Debug|Win32.ActiveCfg = Debug|Any CPU
		{4B217D62-C82B-4DE3-A4B0-AF359E4FB562}.Debug|Win32.Build.0 = Debug|Any CPU
		{4B217D62-C82B-4DE3-A4B0-AF359E4FB562}.Debug|x86.ActiveCfg = Debug|Any CPU
		{4B217D62-C82B-4DE3-A4B0-AF359E4FB562}.Release|Any CPU.ActiveCfg = Release|Any CPU
		{4B217D62-C82B-4DE3-A4B0-AF359E4FB562}.Release|Any CPU.Build.0 = Release|Any CPU
		{4B217D62-C82B-4DE3-A4B0-AF359E4FB562}.Release|Mixed Platforms.ActiveCfg = Release|Any CPU
		{4B217D62-C82B-4DE3-A4B0-AF359E4FB562}.Release|Mixed Platforms.Build.0 = Release|Any CPU
		{4B217D62-C82B-4DE3-A4B0-AF359E4FB562}.Release|Win32.ActiveCfg = Release|Any CPU
		{4B217D62-C82B-4DE3-A4B0-AF359E4FB562}.Release|Win32.Build.0 = Release|Any CPU
		{4B217D62-C82B-4DE3-A4B0-AF359E4FB562}.Release|x86.ActiveCfg = Release|Any CPU
		{64CB841B-A928-4A4B-BC0F-1F2DF461B6B2}.Debug|Any CPU.ActiveCfg = Debug|Any CPU
		{64CB841B-A928-4A4B-BC0F-1F2DF461B6B2}.Debug|Any CPU.Build.0 = Debug|Any CPU
		{64CB841B-A928-4A4B-BC0F-1F2DF461B6B2}.Debug|Mixed Platforms.ActiveCfg = Debug|Any CPU
		{64CB841B-A928-4A4B-BC0F-1F2DF461B6B2}.Debug|Mixed Platforms.Build.0 = Debug|Any CPU
		{64CB841B-A928-4A4B-BC0F-1F2DF461B6B2}.Debug|Win32.ActiveCfg = Debug|Any CPU
		{64CB841B-A928-4A4B-BC0F-1F2DF461B6B2}.Debug|x86.ActiveCfg = Debug|Any CPU
		{64CB841B-A928-4A4B-BC0F-1F2DF461B6B2}.Release|Any CPU.ActiveCfg = Release|Any CPU
		{64CB841B-A928-4A4B-BC0F-1F2DF461B6B2}.Release|Any CPU.Build.0 = Release|Any CPU
		{64CB841B-A928-4A4B-BC0F-1F2DF461B6B2}.Release|Mixed Platforms.ActiveCfg = Release|Any CPU
		{64CB841B-A928-4A4B-BC0F-1F2DF461B6B2}.Release|Mixed Platforms.Build.0 = Release|Any CPU
		{64CB841B-A928-4A4B-BC0F-1F2DF461B6B2}.Release|Win32.ActiveCfg = Release|Any CPU
		{64CB841B-A928-4A4B-BC0F-1F2DF461B6B2}.Release|x86.ActiveCfg = Release|Any CPU
		{03EFD2FC-187D-42A5-B3A7-38232B4FF060}.Debug|Any CPU.ActiveCfg = Debug|Any CPU
		{03EFD2FC-187D-42A5-B3A7-38232B4FF060}.Debug|Any CPU.Build.0 = Debug|Any CPU
		{03EFD2FC-187D-42A5-B3A7-38232B4FF060}.Debug|Mixed Platforms.ActiveCfg = Debug|Any CPU
		{03EFD2FC-187D-42A5-B3A7-38232B4FF060}.Debug|Mixed Platforms.Build.0 = Debug|Any CPU
		{03EFD2FC-187D-42A5-B3A7-38232B4FF060}.Debug|Win32.ActiveCfg = Debug|Any CPU
		{03EFD2FC-187D-42A5-B3A7-38232B4FF060}.Debug|Win32.Build.0 = Debug|Any CPU
		{03EFD2FC-187D-42A5-B3A7-38232B4FF060}.Debug|x86.ActiveCfg = Debug|Any CPU
		{03EFD2FC-187D-42A5-B3A7-38232B4FF060}.Release|Any CPU.ActiveCfg = Release|Any CPU
		{03EFD2FC-187D-42A5-B3A7-38232B4FF060}.Release|Any CPU.Build.0 = Release|Any CPU
		{03EFD2FC-187D-42A5-B3A7-38232B4FF060}.Release|Mixed Platforms.ActiveCfg = Release|Any CPU
		{03EFD2FC-187D-42A5-B3A7-38232B4FF060}.Release|Mixed Platforms.Build.0 = Release|Any CPU
		{03EFD2FC-187D-42A5-B3A7-38232B4FF060}.Release|Win32.ActiveCfg = Release|Any CPU
		{03EFD2FC-187D-42A5-B3A7-38232B4FF060}.Release|Win32.Build.0 = Release|Any CPU
		{03EFD2FC-187D-42A5-B3A7-38232B4FF060}.Release|x86.ActiveCfg = Release|Any CPU
		{8B2378DF-7A1D-4D46-B4C0-EE8CFEB94DA2}.Debug|Any CPU.ActiveCfg = Debug|Any CPU
		{8B2378DF-7A1D-4D46-B4C0-EE8CFEB94DA2}.Debug|Any CPU.Build.0 = Debug|Any CPU
		{8B2378DF-7A1D-4D46-B4C0-EE8CFEB94DA2}.Debug|Mixed Platforms.ActiveCfg = Debug|Any CPU
		{8B2378DF-7A1D-4D46-B4C0-EE8CFEB94DA2}.Debug|Mixed Platforms.Build.0 = Debug|Any CPU
		{8B2378DF-7A1D-4D46-B4C0-EE8CFEB94DA2}.Debug|Win32.ActiveCfg = Debug|Any CPU
		{8B2378DF-7A1D-4D46-B4C0-EE8CFEB94DA2}.Debug|Win32.Build.0 = Debug|Any CPU
		{8B2378DF-7A1D-4D46-B4C0-EE8CFEB94DA2}.Debug|x86.ActiveCfg = Debug|Any CPU
		{8B2378DF-7A1D-4D46-B4C0-EE8CFEB94DA2}.Release|Any CPU.ActiveCfg = Release|Any CPU
		{8B2378DF-7A1D-4D46-B4C0-EE8CFEB94DA2}.Release|Any CPU.Build.0 = Release|Any CPU
		{8B2378DF-7A1D-4D46-B4C0-EE8CFEB94DA2}.Release|Mixed Platforms.ActiveCfg = Release|Any CPU
		{8B2378DF-7A1D-4D46-B4C0-EE8CFEB94DA2}.Release|Mixed Platforms.Build.0 = Release|Any CPU
		{8B2378DF-7A1D-4D46-B4C0-EE8CFEB94DA2}.Release|Win32.ActiveCfg = Release|Any CPU
		{8B2378DF-7A1D-4D46-B4C0-EE8CFEB94DA2}.Release|Win32.Build.0 = Release|Any CPU
		{8B2378DF-7A1D-4D46-B4C0-EE8CFEB94DA2}.Release|x86.ActiveCfg = Release|Any CPU
		{56BBE7A6-6D3C-4145-A4E7-84D18806C48C}.Debug|Any CPU.ActiveCfg = Debug|Win32
		{56BBE7A6-6D3C-4145-A4E7-84D18806C48C}.Debug|Mixed Platforms.ActiveCfg = Debug|Win32
		{56BBE7A6-6D3C-4145-A4E7-84D18806C48C}.Debug|Mixed Platforms.Build.0 = Debug|Win32
		{56BBE7A6-6D3C-4145-A4E7-84D18806C48C}.Debug|Win32.ActiveCfg = Debug|Win32
		{56BBE7A6-6D3C-4145-A4E7-84D18806C48C}.Debug|x86.ActiveCfg = Debug|Win32
		{56BBE7A6-6D3C-4145-A4E7-84D18806C48C}.Release|Any CPU.ActiveCfg = Release|Win32
		{56BBE7A6-6D3C-4145-A4E7-84D18806C48C}.Release|Mixed Platforms.ActiveCfg = Release|Win32
		{56BBE7A6-6D3C-4145-A4E7-84D18806C48C}.Release|Mixed Platforms.Build.0 = Release|Win32
		{56BBE7A6-6D3C-4145-A4E7-84D18806C48C}.Release|Win32.ActiveCfg = Release|Win32
		{56BBE7A6-6D3C-4145-A4E7-84D18806C48C}.Release|x86.ActiveCfg = Release|Win32
		{FE90F614-BA97-4B9B-83E2-280FA2480B81}.Debug|Any CPU.ActiveCfg = Debug|Any CPU
		{FE90F614-BA97-4B9B-83E2-280FA2480B81}.Debug|Any CPU.Build.0 = Debug|Any CPU
		{FE90F614-BA97-4B9B-83E2-280FA2480B81}.Debug|Mixed Platforms.ActiveCfg = Debug|Any CPU
		{FE90F614-BA97-4B9B-83E2-280FA2480B81}.Debug|Mixed Platforms.Build.0 = Debug|Any CPU
		{FE90F614-BA97-4B9B-83E2-280FA2480B81}.Debug|Win32.ActiveCfg = Debug|Any CPU
		{FE90F614-BA97-4B9B-83E2-280FA2480B81}.Debug|x86.ActiveCfg = Debug|Any CPU
		{FE90F614-BA97-4B9B-83E2-280FA2480B81}.Release|Any CPU.ActiveCfg = Release|Any CPU
		{FE90F614-BA97-4B9B-83E2-280FA2480B81}.Release|Any CPU.Build.0 = Release|Any CPU
		{FE90F614-BA97-4B9B-83E2-280FA2480B81}.Release|Mixed Platforms.ActiveCfg = Release|Any CPU
		{FE90F614-BA97-4B9B-83E2-280FA2480B81}.Release|Mixed Platforms.Build.0 = Release|Any CPU
		{FE90F614-BA97-4B9B-83E2-280FA2480B81}.Release|Win32.ActiveCfg = Release|Any CPU
		{FE90F614-BA97-4B9B-83E2-280FA2480B81}.Release|x86.ActiveCfg = Release|Any CPU
		{4777ACA3-B0C2-484E-BEE1-C2BEDF57E824}.Debug|Any CPU.ActiveCfg = Debug|Any CPU
		{4777ACA3-B0C2-484E-BEE1-C2BEDF57E824}.Debug|Any CPU.Build.0 = Debug|Any CPU
		{4777ACA3-B0C2-484E-BEE1-C2BEDF57E824}.Debug|Mixed Platforms.ActiveCfg = Debug|Any CPU
		{4777ACA3-B0C2-484E-BEE1-C2BEDF57E824}.Debug|Mixed Platforms.Build.0 = Debug|Any CPU
		{4777ACA3-B0C2-484E-BEE1-C2BEDF57E824}.Debug|Win32.ActiveCfg = Debug|Any CPU
		{4777ACA3-B0C2-484E-BEE1-C2BEDF57E824}.Debug|Win32.Build.0 = Debug|Any CPU
		{4777ACA3-B0C2-484E-BEE1-C2BEDF57E824}.Debug|x86.ActiveCfg = Debug|Any CPU
		{4777ACA3-B0C2-484E-BEE1-C2BEDF57E824}.Release|Any CPU.ActiveCfg = Release|Any CPU
		{4777ACA3-B0C2-484E-BEE1-C2BEDF57E824}.Release|Any CPU.Build.0 = Release|Any CPU
		{4777ACA3-B0C2-484E-BEE1-C2BEDF57E824}.Release|Mixed Platforms.ActiveCfg = Release|Any CPU
		{4777ACA3-B0C2-484E-BEE1-C2BEDF57E824}.Release|Mixed Platforms.Build.0 = Release|Any CPU
		{4777ACA3-B0C2-484E-BEE1-C2BEDF57E824}.Release|Win32.ActiveCfg = Release|Any CPU
		{4777ACA3-B0C2-484E-BEE1-C2BEDF57E824}.Release|Win32.Build.0 = Release|Any CPU
		{4777ACA3-B0C2-484E-BEE1-C2BEDF57E824}.Release|x86.ActiveCfg = Release|Any CPU
	EndGlobalSection
	GlobalSection(SolutionProperties) = preSolution
		HideSolutionNode = FALSE
	EndGlobalSection
EndGlobal
